# This file is automatically @generated by Poetry 1.4.0 and should not be changed by hand.

[[package]]
name = "flatbuffers"
version = "23.3.3"
description = "The FlatBuffers serialization format for Python"
category = "main"
optional = false
python-versions = "*"
files = [
    {file = "flatbuffers-23.3.3-py2.py3-none-any.whl", hash = "sha256:5ad36d376240090757e8f0a2cfaf6abcc81c6536c0dc988060375fd0899121f8"},
    {file = "flatbuffers-23.3.3.tar.gz", hash = "sha256:cabd87c4882f37840f6081f094b2c5bc28cefc2a6357732746936d055ab45c3d"},
]

[metadata]
lock-version = "2.0"
python-versions = "^3.8"
content-hash = "c51370e511bf0beebf71046b124139feda29e8174bcbf11c6dae2042466b9557"
